
Microsoft Visual Studio Solution File, Format Version 12.00
Project("{FAE04EC0-301F-11D3-BF4B-00C04F79EFBC}") = "AirBelgie.Web", "AirBelgie.Web\AirBelgie.Web.csproj", "{F6FCF327-339D-4BB3-A6A0-27DB2F2D9DC3}"
EndProject
Project("{2150E333-8FDC-42A3-9474-1A3956D46DE8}") = "Solution Items", "Solution Items", "{1A2ADEEF-B437-4B74-A2B0-F7A8D53474D7}"
	ProjectSection(SolutionItems) = preProject
		compose.yaml = compose.yaml
	EndProjectSection
EndProject
Project("{FAE04EC0-301F-11D3-BF4B-00C04F79EFBC}") = "AirBelgie.Data", "AirBelgie.Data\AirBelgie.Data.csproj", "{EB56293E-B78B-407E-BE3D-19695534DC8C}"
EndProject
Project("{FAE04EC0-301F-11D3-BF4B-00C04F79EFBC}") = "AirBelgie.Service", "AirBelgie.Service\AirBelgie.Service.csproj", "{1BECCF59-E62C-485C-8BD3-CFCB61315B15}"
EndProject
Project("{FAE04EC0-301F-11D3-BF4B-00C04F79EFBC}") = "AirBelgie.Model", "AirBelgie.Model\AirBelgie.Model.csproj", "{E6D0FF2E-D970-4360-B90D-023FADFB3529}"
EndProject
Global
	GlobalSection(SolutionConfigurationPlatforms) = preSolution
		Debug|Any CPU = Debug|Any CPU
		Release|Any CPU = Release|Any CPU
	EndGlobalSection
	GlobalSection(ProjectConfigurationPlatforms) = postSolution
		{F6FCF327-339D-4BB3-A6A0-27DB2F2D9DC3}.Debug|Any CPU.ActiveCfg = Debug|Any CPU
		{F6FCF327-339D-4BB3-A6A0-27DB2F2D9DC3}.Debug|Any CPU.Build.0 = Debug|Any CPU
		{F6FCF327-339D-4BB3-A6A0-27DB2F2D9DC3}.Release|Any CPU.ActiveCfg = Release|Any CPU
		{F6FCF327-339D-4BB3-A6A0-27DB2F2D9DC3}.Release|Any CPU.Build.0 = Release|Any CPU
		{EB56293E-B78B-407E-BE3D-19695534DC8C}.Debug|Any CPU.ActiveCfg = Debug|Any CPU
		{EB56293E-B78B-407E-BE3D-19695534DC8C}.Debug|Any CPU.Build.0 = Debug|Any CPU
		{EB56293E-B78B-407E-BE3D-19695534DC8C}.Release|Any CPU.ActiveCfg = Release|Any CPU
		{EB56293E-B78B-407E-BE3D-19695534DC8C}.Release|Any CPU.Build.0 = Release|Any CPU
		{1BECCF59-E62C-485C-8BD3-CFCB61315B15}.Debug|Any CPU.ActiveCfg = Debug|Any CPU
		{1BECCF59-E62C-485C-8BD3-CFCB61315B15}.Debug|Any CPU.Build.0 = Debug|Any CPU
		{1BECCF59-E62C-485C-8BD3-CFCB61315B15}.Release|Any CPU.ActiveCfg = Release|Any CPU
		{1BECCF59-E62C-485C-8BD3-CFCB61315B15}.Release|Any CPU.Build.0 = Release|Any CPU
		{E6D0FF2E-D970-4360-B90D-023FADFB3529}.Debug|Any CPU.ActiveCfg = Debug|Any CPU
		{E6D0FF2E-D970-4360-B90D-023FADFB3529}.Debug|Any CPU.Build.0 = Debug|Any CPU
		{E6D0FF2E-D970-4360-B90D-023FADFB3529}.Release|Any CPU.ActiveCfg = Release|Any CPU
		{E6D0FF2E-D970-4360-B90D-023FADFB3529}.Release|Any CPU.Build.0 = Release|Any CPU
	EndGlobalSection
EndGlobal
